
Microsoft Visual Studio Solution File, Format Version 12.00
# Visual Studio Version 17
VisualStudioVersion = 17.5.33424.131
MinimumVisualStudioVersion = 10.0.40219.1
Project("{FAE04EC0-301F-11D3-BF4B-00C04F79EFBC}") = "SimukaiRecipeApp", "SimukaiRecipeApp\SimukaiRecipeApp.csproj", "{CF55DECC-16F7-43F6-A531-6630F9172027}"
EndProject
Global
	GlobalSection(SolutionConfigurationPlatforms) = preSolution
		Debug|Any CPU = Debug|Any CPU
		Release|Any CPU = Release|Any CPU
	EndGlobalSection
	GlobalSection(ProjectConfigurationPlatforms) = postSolution
		{CF55DECC-16F7-43F6-A531-6630F9172027}.Debug|Any CPU.ActiveCfg = Debug|Any CPU
		{CF55DECC-16F7-43F6-A531-6630F9172027}.Debug|Any CPU.Build.0 = Debug|Any CPU
		{CF55DECC-16F7-43F6-A531-6630F9172027}.Release|Any CPU.ActiveCfg = Release|Any CPU
		{CF55DECC-16F7-43F6-A531-6630F9172027}.Release|Any CPU.Build.0 = Release|Any CPU
	EndGlobalSection
	GlobalSection(SolutionProperties) = preSolution
		HideSolutionNode = FALSE
	EndGlobalSection
	GlobalSection(ExtensibilityGlobals) = postSolution
		SolutionGuid = {48C645F3-D186-45AD-AD49-9E89FCCB5C70}
	EndGlobalSection
EndGlobal
